<Solution>
  <Folder Name="/01-BrokenAccessControl/">
    <Project Path="01-BrokenAccessControl/BrokenAccessControl.csproj" />
  </Folder>
  <Folder Name="/02-CryptographicFailures/">
    <Project Path="02-CryptographicFailures/CryptographicFailures.csproj" />
  </Folder>
  <Folder Name="/03-Injection/">
    <Project Path="03-Injection/Injection.csproj" />
  </Folder>
  <Folder Name="/04-InsecureDesign/">
    <Project Path="04-InsecureDesign/InsecureDesign.csproj" />
  </Folder>
  <Folder Name="/05-SecurityMisconfiguration/">
    <Project Path="05-SecurityMisconfiguration/SecurityMisconfiguration.csproj" />
  </Folder>
  <Folder Name="/06-VulnerableAndOutdatedComponents/">
    <Project Path="06-VulnerableAndOutdatedComponents/VulnerableAndOutdatedComponents.csproj" />
  </Folder>
  <Folder Name="/07-AuthFailures/">
    <Project Path="07-AuthFailures/AuthFailures.csproj" />
  </Folder>
  <Folder Name="/08-SoftwareAndDataIntegrityFailures/">
    <Project Path="08-SoftwareAndDataIntegrityFailures/SoftwareAndDataIntegrityFailures.csproj" />
  </Folder>
  <Folder Name="/09-LoggingAndMonitoringFailures/">
    <Project Path="09-LoggingAndMonitoringFailures/LoggingAndMonitoringFailures.csproj" />
  </Folder>
  <Folder Name="/10-ServerSideRequestForgery/">
    <Project Path="10-ServerSideRequestForgery/ServerSideRequestForgery.csproj" />
  </Folder>
  <Folder Name="/Fixed/" />
  <Folder Name="/Fixed/01-BrokenAccessControl/">
    <Project Path="Fixed/01-BrokenAccessControl/BrokenAccessControl.Fixed.csproj" />
  </Folder>
  <Folder Name="/Fixed/02-CryptographicFailures/">
    <Project Path="Fixed/02-CryptographicFailures/CryptographicFailures.Fixed.csproj" />
  </Folder>
  <Folder Name="/Fixed/03-Injection/">
    <Project Path="Fixed/03-Injection/Injection.Fixed.csproj" />
  </Folder>
  <Folder Name="/Fixed/04-InsecureDesign/">
    <Project Path="Fixed/04-InsecureDesign/InsecureDesign.Fixed.csproj" />
  </Folder>
  <Folder Name="/Fixed/05-SecurityMisconfiguration/">
    <Project Path="Fixed/05-SecurityMisconfiguration/SecurityMisconfiguration.Fixed.csproj" />
  </Folder>
  <Folder Name="/Fixed/06-VulnerableAndOutdatedComponents/">
    <Project Path="Fixed/06-VulnerableAndOutdatedComponents/VulnerableAndOutdatedComponents.Fixed.csproj" />
  </Folder>
  <Folder Name="/Fixed/07-AuthFailures/">
    <Project Path="Fixed/07-AuthFailures/AuthFailures.Fixed.csproj" />
  </Folder>
  <Folder Name="/Fixed/08-SoftwareAndDataIntegrityFailures/">
    <Project Path="Fixed/08-SoftwareAndDataIntegrityFailures/SoftwareAndDataIntegrityFailures.Fixed.csproj" />
  </Folder>
  <Folder Name="/Fixed/09-LoggingAndMonitoringFailures/">
    <Project Path="Fixed/09-LoggingAndMonitoringFailures/LoggingAndMonitoringFailures.Fixed.csproj" />
  </Folder>
  <Folder Name="/Fixed/10-ServerSideRequestForgery/">
    <Project Path="Fixed/10-ServerSideRequestForgery/ServerSideRequestForgery.Fixed.csproj" />
  </Folder>
  <Folder Name="/MasterApp/">
    <Project Path="MasterApp/MasterApp.csproj" />
  </Folder>
  <Folder Name="/QuizApp/">
    <Project Path="QuizApp/QuizApp.csproj" />
  </Folder>
</Solution>
